// !$*UTF8*$!
{
	archiveVersion = 1;
	classes = {
	};
	objectVersion = 50;
	objects = {

/* Begin PBXBuildFile section */
		945C57F521A6CC2E0046D41C /* AppDelegate.swift in Sources */ = {isa = PBXBuildFile; fileRef = 945C57F421A6CC2E0046D41C /* AppDelegate.swift */; };
		945C57F721A6CC2E0046D41C /* ViewController.swift in Sources */ = {isa = PBXBuildFile; fileRef = 945C57F621A6CC2E0046D41C /* ViewController.swift */; };
		945C57FA21A6CC2E0046D41C /* Main.storyboard in Resources */ = {isa = PBXBuildFile; fileRef = 945C57F821A6CC2E0046D41C /* Main.storyboard */; };
		945C57FD21A6CC2E0046D41C /* MVVMExample.xcdatamodeld in Sources */ = {isa = PBXBuildFile; fileRef = 945C57FB21A6CC2E0046D41C /* MVVMExample.xcdatamodeld */; };
		945C57FF21A6CC390046D41C /* Assets.xcassets in Resources */ = {isa = PBXBuildFile; fileRef = 945C57FE21A6CC390046D41C /* Assets.xcassets */; };
		945C580221A6CC390046D41C /* LaunchScreen.storyboard in Resources */ = {isa = PBXBuildFile; fileRef = 945C580021A6CC390046D41C /* LaunchScreen.storyboard */; };
		945C580D21A6CC390046D41C /* MVVMExampleTests.swift in Sources */ = {isa = PBXBuildFile; fileRef = 945C580C21A6CC390046D41C /* MVVMExampleTests.swift */; };
		945C581821A6CC390046D41C /* MVVMExampleUITests.swift in Sources */ = {isa = PBXBuildFile; fileRef = 945C581721A6CC390046D41C /* MVVMExampleUITests.swift */; };
/* End PBXBuildFile section */

/* Begin PBXContainerItemProxy section */
		945C580921A6CC390046D41C /* PBXContainerItemProxy */ = {
			isa = PBXContainerItemProxy;
			containerPortal = 945C57E921A6CC2E0046D41C /* Project object */;
			proxyType = 1;
			remoteGlobalIDString = 945C57F021A6CC2E0046D41C;
			remoteInfo = MVVMExample;
		};
		945C581421A6CC390046D41C /* PBXContainerItemProxy */ = {
			isa = PBXContainerItemProxy;
			containerPortal = 945C57E921A6CC2E0046D41C /* Project object */;
			proxyType = 1;
			remoteGlobalIDString = 945C57F021A6CC2E0046D41C;
			remoteInfo = MVVMExample;
		};
/* End PBXContainerItemProxy section */

/* Begin PBXFileReference section */
		945C57F121A6CC2E0046D41C /* MVVMExample.app */ = {isa = PBXFileReference; explicitFileType = wrapper.application; includeInIndex = 0; path = MVVMExample.app; sourceTree = BUILT_PRODUCTS_DIR; };
		945C57F421A6CC2E0046D41C /* AppDelegate.swift */ = {isa = PBXFileReference; lastKnownFileType = sourcecode.swift; path = AppDelegate.swift; sourceTree = "<group>"; };
		945C57F621A6CC2E0046D41C /* ViewController.swift */ = {isa = PBXFileReference; lastKnownFileType = sourcecode.swift; path = ViewController.swift; sourceTree = "<group>"; };
		945C57F921A6CC2E0046D41C /* Base */ = {isa = PBXFileReference; lastKnownFileType = file.storyboard; name = Base; path = Base.lproj/Main.storyboard; sourceTree = "<group>"; };
		945C57FC21A6CC2E0046D41C /* MVVMExample.xcdatamodel */ = {isa = PBXFileReference; lastKnownFileType = wrapper.xcdatamodel; path = MVVMExample.xcdatamodel; sourceTree = "<group>"; };
		945C57FE21A6CC390046D41C /* Assets.xcassets */ = {isa = PBXFileReference; lastKnownFileType = folder.assetcatalog; path = Assets.xcassets; sourceTree = "<group>"; };
		945C580121A6CC390046D41C /* Base */ = {isa = PBXFileReference; lastKnownFileType = file.storyboard; name = Base; path = Base.lproj/LaunchScreen.storyboard; sourceTree = "<group>"; };
		945C580321A6CC390046D41C /* Info.plist */ = {isa = PBXFileReference; lastKnownFileType = text.plist.xml; path = Info.plist; sourceTree = "<group>"; };
		945C580821A6CC390046D41C /* MVVMExampleTests.xctest */ = {isa = PBXFileReference; explicitFileType = wrapper.cfbundle; includeInIndex = 0; path = MVVMExampleTests.xctest; sourceTree = BUILT_PRODUCTS_DIR; };
		945C580C21A6CC390046D41C /* MVVMExampleTests.swift */ = {isa = PBXFileReference; lastKnownFileType = sourcecode.swift; path = MVVMExampleTests.swift; sourceTree = "<group>"; };
		945C580E21A6CC390046D41C /* Info.plist */ = {isa = PBXFileReference; lastKnownFileType = text.plist.xml; path = Info.plist; sourceTree = "<group>"; };
		945C581321A6CC390046D41C /* MVVMExampleUITests.xctest */ = {isa = PBXFileReference; explicitFileType = wrapper.cfbundle; includeInIndex = 0; path = MVVMExampleUITests.xctest; sourceTree = BUILT_PRODUCTS_DIR; };
		945C581721A6CC390046D41C /* MVVMExampleUITests.swift */ = {isa = PBXFileReference; lastKnownFileType = sourcecode.swift; path = MVVMExampleUITests.swift; sourceTree = "<group>"; };
		945C581921A6CC390046D41C /* Info.plist */ = {isa = PBXFileReference; lastKnownFileType = text.plist.xml; path = Info.plist; sourceTree = "<group>"; };
/* End PBXFileReference section */

/* Begin PBXFrameworksBuildPhase section */
		945C57EE21A6CC2E0046D41C /* Frameworks */ = {
			isa = PBXFrameworksBuildPhase;
			buildActionMask = 2147483647;
			files = (
			);
			runOnlyForDeploymentPostprocessing = 0;
		};
		945C580521A6CC390046D41C /* Frameworks */ = {
			isa = PBXFrameworksBuildPhase;
			buildActionMask = 2147483647;
			files = (
			);
			runOnlyForDeploymentPostprocessing = 0;
		};
		945C581021A6CC390046D41C /* Frameworks */ = {
			isa = PBXFrameworksBuildPhase;
			buildActionMask = 2147483647;
			files = (
			);
			runOnlyForDeploymentPostprocessing = 0;
		};
/* End PBXFrameworksBuildPhase section */

/* Begin PBXGroup section */
		945C57E821A6CC2E0046D41C = {
			isa = PBXGroup;
			children = (
				945C57F321A6CC2E0046D41C /* MVVMExample */,
				945C580B21A6CC390046D41C /* MVVMExampleTests */,
				945C581621A6CC390046D41C /* MVVMExampleUITests */,
				945C57F221A6CC2E0046D41C /* Products */,
			);
			sourceTree = "<group>";
		};
		945C57F221A6CC2E0046D41C /* Products */ = {
			isa = PBXGroup;
			children = (
				945C57F121A6CC2E0046D41C /* MVVMExample.app */,
				945C580821A6CC390046D41C /* MVVMExampleTests.xctest */,
				945C581321A6CC390046D41C /* MVVMExampleUITests.xctest */,
			);
			name = Products;
			sourceTree = "<group>";
		};
		945C57F321A6CC2E0046D41C /* MVVMExample */ = {
			isa = PBXGroup;
			children = (
				945C57F421A6CC2E0046D41C /* AppDelegate.swift */,
				945C57F621A6CC2E0046D41C /* ViewController.swift */,
				945C57F821A6CC2E0046D41C /* Main.storyboard */,
				945C57FE21A6CC390046D41C /* Assets.xcassets */,
				945C580021A6CC390046D41C /* LaunchScreen.storyboard */,
				945C580321A6CC390046D41C /* Info.plist */,
				945C57FB21A6CC2E0046D41C /* MVVMExample.xcdatamodeld */,
			);
			path = MVVMExample;
			sourceTree = "<group>";
		};
		945C580B21A6CC390046D41C /* MVVMExampleTests */ = {
			isa = PBXGroup;
			children = (
				945C580C21A6CC390046D41C /* MVVMExampleTests.swift */,
				945C580E21A6CC390046D41C /* Info.plist */,
			);
			path = MVVMExampleTests;
			sourceTree = "<group>";
		};
		945C581621A6CC390046D41C /* MVVMExampleUITests */ = {
			isa = PBXGroup;
			children = (
				945C581721A6CC390046D41C /* MVVMExampleUITests.swift */,
				945C581921A6CC390046D41C /* Info.plist */,
			);
			path = MVVMExampleUITests;
			sourceTree = "<group>";
		};
/* End PBXGroup section */

/* Begin PBXNativeTarget section */
		945C57F021A6CC2E0046D41C /* MVVMExample */ = {
			isa = PBXNativeTarget;
			buildConfigurationList = 945C581C21A6CC390046D41C /* Build configuration list for PBXNativeTarget "MVVMExample" */;
			buildPhases = (
				945C57ED21A6CC2E0046D41C /* Sources */,
				945C57EE21A6CC2E0046D41C /* Frameworks */,
				945C57EF21A6CC2E0046D41C /* Resources */,
			);
			buildRules = (
			);
			dependencies = (
			);
			name = MVVMExample;
			productName = MVVMExample;
			productReference = 945C57F121A6CC2E0046D41C /* MVVMExample.app */;
			productType = "com.apple.product-type.application";
		};
		945C580721A6CC390046D41C /* MVVMExampleTests */ = {
			isa = PBXNativeTarget;
			buildConfigurationList = 945C581F21A6CC390046D41C /* Build configuration list for PBXNativeTarget "MVVMExampleTests" */;
			buildPhases = (
				945C580421A6CC390046D41C /* Sources */,
				945C580521A6CC390046D41C /* Frameworks */,
				945C580621A6CC390046D41C /* Resources */,
			);
			buildRules = (
			);
			dependencies = (
				945C580A21A6CC390046D41C /* PBXTargetDependency */,
			);
			name = MVVMExampleTests;
			productName = MVVMExampleTests;
			productReference = 945C580821A6CC390046D41C /* MVVMExampleTests.xctest */;
			productType = "com.apple.product-type.bundle.unit-test";
		};
		945C581221A6CC390046D41C /* MVVMExampleUITests */ = {
			isa = PBXNativeTarget;
			buildConfigurationList = 945C582221A6CC390046D41C /* Build configuration list for PBXNativeTarget "MVVMExampleUITests" */;
			buildPhases = (
				945C580F21A6CC390046D41C /* Sources */,
				945C581021A6CC390046D41C /* Frameworks */,
				945C581121A6CC390046D41C /* Resources */,
			);
			buildRules = (
			);
			dependencies = (
				945C581521A6CC390046D41C /* PBXTargetDependency */,
			);
			name = MVVMExampleUITests;
			productName = MVVMExampleUITests;
			productReference = 945C581321A6CC390046D41C /* MVVMExampleUITests.xctest */;
			productType = "com.apple.product-type.bundle.ui-testing";
		};
/* End PBXNativeTarget section */

/* Begin PBXProject section */
		945C57E921A6CC2E0046D41C /* Project object */ = {
			isa = PBXProject;
			attributes = {
				LastSwiftUpdateCheck = 1000;
				LastUpgradeCheck = 1000;
				ORGANIZATIONNAME = Supriya;
				TargetAttributes = {
					945C57F021A6CC2E0046D41C = {
						CreatedOnToolsVersion = 10.0;
					};
					945C580721A6CC390046D41C = {
						CreatedOnToolsVersion = 10.0;
						TestTargetID = 945C57F021A6CC2E0046D41C;
					};
					945C581221A6CC390046D41C = {
						CreatedOnToolsVersion = 10.0;
						TestTargetID = 945C57F021A6CC2E0046D41C;
					};
				};
			};
			buildConfigurationList = 945C57EC21A6CC2E0046D41C /* Build configuration list for PBXProject "MVVMExample" */;
			compatibilityVersion = "Xcode 9.3";
			developmentRegion = en;
			hasScannedForEncodings = 0;
			knownRegions = (
				en,
				Base,
			);
			mainGroup = 945C57E821A6CC2E0046D41C;
			productRefGroup = 945C57F221A6CC2E0046D41C /* Products */;
			projectDirPath = "";
			projectRoot = "";
			targets = (
				945C57F021A6CC2E0046D41C /* MVVMExample */,
				945C580721A6CC390046D41C /* MVVMExampleTests */,
				945C581221A6CC390046D41C /* MVVMExampleUITests */,
			);
		};
/* End PBXProject section */

/* Begin PBXResourcesBuildPhase section */
		945C57EF21A6CC2E0046D41C /* Resources */ = {
			isa = PBXResourcesBuildPhase;
			buildActionMask = 2147483647;
			files = (
				945C580221A6CC390046D41C /* LaunchScreen.storyboard in Resources */,
				945C57FF21A6CC390046D41C /* Assets.xcassets in Resources */,
				945C57FA21A6CC2E0046D41C /* Main.storyboard in Resources */,
			);
			runOnlyForDeploymentPostprocessing = 0;
		};
		945C580621A6CC390046D41C /* Resources */ = {
			isa = PBXResourcesBuildPhase;
			buildActionMask = 2147483647;
			files = (
			);
			runOnlyForDeploymentPostprocessing = 0;
		};
		945C581121A6CC390046D41C /* Resources */ = {
			isa = PBXResourcesBuildPhase;
			buildActionMask = 2147483647;
			files = (
			);
			runOnlyForDeploymentPostprocessing = 0;
		};
/* End PBXResourcesBuildPhase section */

/* Begin PBXSourcesBuildPhase section */
		945C57ED21A6CC2E0046D41C /* Sources */ = {
			isa = PBXSourcesBuildPhase;
			buildActionMask = 2147483647;
			files = (
				945C57F721A6CC2E0046D41C /* ViewController.swift in Sources */,
				945C57F521A6CC2E0046D41C /* AppDelegate.swift in Sources */,
				945C57FD21A6CC2E0046D41C /* MVVMExample.xcdatamodeld in Sources */,
			);
			runOnlyForDeploymentPostprocessing = 0;
		};
		945C580421A6CC390046D41C /* Sources */ = {
			isa = PBXSourcesBuildPhase;
			buildActionMask = 2147483647;
			files = (
				945C580D21A6CC390046D41C /* MVVMExampleTests.swift in Sources */,
			);
			runOnlyForDeploymentPostprocessing = 0;
		};
		945C580F21A6CC390046D41C /* Sources */ = {
			isa = PBXSourcesBuildPhase;
			buildActionMask = 2147483647;
			files = (
				945C581821A6CC390046D41C /* MVVMExampleUITests.swift in Sources */,
			);
			runOnlyForDeploymentPostprocessing = 0;
		};
/* End PBXSourcesBuildPhase section */

/* Begin PBXTargetDependency section */
		945C580A21A6CC390046D41C /* PBXTargetDependency */ = {
			isa = PBXTargetDependency;
			target = 945C57F021A6CC2E0046D41C /* MVVMExample */;
			targetProxy = 945C580921A6CC390046D41C /* PBXContainerItemProxy */;
		};
		945C581521A6CC390046D41C /* PBXTargetDependency */ = {
			isa = PBXTargetDependency;
			target = 945C57F021A6CC2E0046D41C /* MVVMExample */;
			targetProxy = 945C581421A6CC390046D41C /* PBXContainerItemProxy */;
		};
/* End PBXTargetDependency section */

/* Begin PBXVariantGroup section */
		945C57F821A6CC2E0046D41C /* Main.storyboard */ = {
			isa = PBXVariantGroup;
			children = (
				945C57F921A6CC2E0046D41C /* Base */,
			);
			name = Main.storyboard;
			sourceTree = "<group>";
		};
		945C580021A6CC390046D41C /* LaunchScreen.storyboard */ = {
			isa = PBXVariantGroup;
			children = (
				945C580121A6CC390046D41C /* Base */,
			);
			name = LaunchScreen.storyboard;
			sourceTree = "<group>";
		};
/* End PBXVariantGroup section */

/* Begin XCBuildConfiguration section */
		945C581A21A6CC390046D41C /* Debug */ = {
			isa = XCBuildConfiguration;
			buildSettings = {
				ALWAYS_SEARCH_USER_PATHS = NO;
				CLANG_ANALYZER_NONNULL = YES;
				CLANG_ANALYZER_NUMBER_OBJECT_CONVERSION = YES_AGGRESSIVE;
				CLANG_CXX_LANGUAGE_STANDARD = "gnu++14";
				CLANG_CXX_LIBRARY = "libc++";
				CLANG_ENABLE_MODULES = YES;
				CLANG_ENABLE_OBJC_ARC = YES;
				CLANG_ENABLE_OBJC_WEAK = YES;
				CLANG_WARN_BLOCK_CAPTURE_AUTORELEASING = YES;
				CLANG_WARN_BOOL_CONVERSION = YES;
				CLANG_WARN_COMMA = YES;
				CLANG_WARN_CONSTANT_CONVERSION = YES;
				CLANG_WARN_DEPRECATED_OBJC_IMPLEMENTATIONS = YES;
				CLANG_WARN_DIRECT_OBJC_ISA_USAGE = YES_ERROR;
				CLANG_WARN_DOCUMENTATION_COMMENTS = YES;
				CLANG_WARN_EMPTY_BODY = YES;
				CLANG_WARN_ENUM_CONVERSION = YES;
				CLANG_WARN_INFINITE_RECURSION = YES;
				CLANG_WARN_INT_CONVERSION = YES;
				CLANG_WARN_NON_LITERAL_NULL_CONVERSION = YES;
				CLANG_WARN_OBJC_IMPLICIT_RETAIN_SELF = YES;
				CLANG_WARN_OBJC_LITERAL_CONVERSION = YES;
				CLANG_WARN_OBJC_ROOT_CLASS = YES_ERROR;
				CLANG_WARN_RANGE_LOOP_ANALYSIS = YES;
				CLANG_WARN_STRICT_PROTOTYPES = YES;
				CLANG_WARN_SUSPICIOUS_MOVE = YES;
				CLANG_WARN_UNGUARDED_AVAILABILITY = YES_AGGRESSIVE;
				CLANG_WARN_UNREACHABLE_CODE = YES;
				CLANG_WARN__DUPLICATE_METHOD_MATCH = YES;
				CODE_SIGN_IDENTITY = "iPhone Developer";
				COPY_PHASE_STRIP = NO;
				DEBUG_INFORMATION_FORMAT = dwarf;
				ENABLE_STRICT_OBJC_MSGSEND = YES;
				ENABLE_TESTABILITY = YES;
				GCC_C_LANGUAGE_STANDARD = gnu11;
				GCC_DYNAMIC_NO_PIC = NO;
				GCC_NO_COMMON_BLOCKS = YES;
				GCC_OPTIMIZATION_LEVEL = 0;
				GCC_PREPROCESSOR_DEFINITIONS = (
					"DEBUG=1",
					"$(inherited)",
				);
				GCC_WARN_64_TO_32_BIT_CONVERSION = YES;
				GCC_WARN_ABOUT_RETURN_TYPE = YES_ERROR;
				GCC_WARN_UNDECLARED_SELECTOR = YES;
				GCC_WARN_UNINITIALIZED_AUTOS = YES_AGGRESSIVE;
				GCC_WARN_UNUSED_FUNCTION = YES;
				GCC_WARN_UNUSED_VARIABLE = YES;
				IPHONEOS_DEPLOYMENT_TARGET = 12.0;
				MTL_ENABLE_DEBUG_INFO = INCLUDE_SOURCE;
				MTL_FAST_MATH = YES;
				ONLY_ACTIVE_ARCH = YES;
				SDKROOT = iphoneos;
				SWIFT_ACTIVE_COMPILATION_CONDITIONS = DEBUG;
				SWIFT_OPTIMIZATION_LEVEL = "-Onone";
			};
			name = Debug;
		};
		945C581B21A6CC390046D41C /* Release */ = {
			isa = XCBuildConfiguration;
			buildSettings = {
				ALWAYS_SEARCH_USER_PATHS = NO;
				CLANG_ANALYZER_NONNULL = YES;
				CLANG_ANALYZER_NUMBER_OBJECT_CONVERSION = YES_AGGRESSIVE;
				CLANG_CXX_LANGUAGE_STANDARD = "gnu++14";
				CLANG_CXX_LIBRARY = "libc++";
				CLANG_ENABLE_MODULES = YES;
				CLANG_ENABLE_OBJC_ARC = YES;
				CLANG_ENABLE_OBJC_WEAK = YES;
				CLANG_WARN_BLOCK_CAPTURE_AUTORELEASING = YES;
				CLANG_WARN_BOOL_CONVERSION = YES;
				CLANG_WARN_COMMA = YES;
				CLANG_WARN_CONSTANT_CONVERSION = YES;
				CLANG_WARN_DEPRECATED_OBJC_IMPLEMENTATIONS = YES;
				CLANG_WARN_DIRECT_OBJC_ISA_USAGE = YES_ERROR;
				CLANG_WARN_DOCUMENTATION_COMMENTS = YES;
				CLANG_WARN_EMPTY_BODY = YES;
				CLANG_WARN_ENUM_CONVERSION = YES;
				CLANG_WARN_INFINITE_RECURSION = YES;
				CLANG_WARN_INT_CONVERSION = YES;
				CLANG_WARN_NON_LITERAL_NULL_CONVERSION = YES;
				CLANG_WARN_OBJC_IMPLICIT_RETAIN_SELF = YES;
				CLANG_WARN_OBJC_LITERAL_CONVERSION = YES;
				CLANG_WARN_OBJC_ROOT_CLASS = YES_ERROR;
				CLANG_WARN_RANGE_LOOP_ANALYSIS = YES;
				CLANG_WARN_STRICT_PROTOTYPES = YES;
				CLANG_WARN_SUSPICIOUS_MOVE = YES;
				CLANG_WARN_UNGUARDED_AVAILABILITY = YES_AGGRESSIVE;
				CLANG_WARN_UNREACHABLE_CODE = YES;
				CLANG_WARN__DUPLICATE_METHOD_MATCH = YES;
				CODE_SIGN_IDENTITY = "iPhone Developer";
				COPY_PHASE_STRIP = NO;
				DEBUG_INFORMATION_FORMAT = "dwarf-with-dsym";
				ENABLE_NS_ASSERTIONS = NO;
				ENABLE_STRICT_OBJC_MSGSEND = YES;
				GCC_C_LANGUAGE_STANDARD = gnu11;
				GCC_NO_COMMON_BLOCKS = YES;
				GCC_WARN_64_TO_32_BIT_CONVERSION = YES;
				GCC_WARN_ABOUT_RETURN_TYPE = YES_ERROR;
				GCC_WARN_UNDECLARED_SELECTOR = YES;
				GCC_WARN_UNINITIALIZED_AUTOS = YES_AGGRESSIVE;
				GCC_WARN_UNUSED_FUNCTION = YES;
				GCC_WARN_UNUSED_VARIABLE = YES;
				IPHONEOS_DEPLOYMENT_TARGET = 12.0;
				MTL_ENABLE_DEBUG_INFO = NO;
				MTL_FAST_MATH = YES;
				SDKROOT = iphoneos;
				SWIFT_COMPILATION_MODE = wholemodule;
				SWIFT_OPTIMIZATION_LEVEL = "-O";
				VALIDATE_PRODUCT = YES;
			};
			name = Release;
		};
		945C581D21A6CC390046D41C /* Debug */ = {
			isa = XCBuildConfiguration;
			buildSettings = {
				ASSETCATALOG_COMPILER_APPICON_NAME = AppIcon;
				CODE_SIGN_STYLE = Automatic;
				DEVELOPMENT_TEAM = 65ABH78RNZ;
				INFOPLIST_FILE = MVVMExample/Info.plist;
				LD_RUNPATH_SEARCH_PATHS = (
					"$(inherited)",
					"@executable_path/Frameworks",
				);
				PRODUCT_BUNDLE_IDENTIFIER = com.capg..MVVMExample;
				PRODUCT_NAME = "$(TARGET_NAME)";
				SWIFT_VERSION = 4.2;
				TARGETED_DEVICE_FAMILY = "1,2";
			};
			name = Debug;
		};
		945C581E21A6CC390046D41C /* Release */ = {
			isa = XCBuildConfiguration;
			buildSettings = {
				ASSETCATALOG_COMPILER_APPICON_NAME = AppIcon;
				CODE_SIGN_STYLE = Automatic;
				DEVELOPMENT_TEAM = 65ABH78RNZ;
				INFOPLIST_FILE = MVVMExample/Info.plist;
				LD_RUNPATH_SEARCH_PATHS = (
					"$(inherited)",
					"@executable_path/Frameworks",
				);
				PRODUCT_BUNDLE_IDENTIFIER = com.capg..MVVMExample;
				PRODUCT_NAME = "$(TARGET_NAME)";
				SWIFT_VERSION = 4.2;
				TARGETED_DEVICE_FAMILY = "1,2";
			};
			name = Release;
		};
		945C582021A6CC390046D41C /* Debug */ = {
			isa = XCBuildConfiguration;
			buildSettings = {
				ALWAYS_EMBED_SWIFT_STANDARD_LIBRARIES = YES;
				BUNDLE_LOADER = "$(TEST_HOST)";
				CODE_SIGN_STYLE = Automatic;
				DEVELOPMENT_TEAM = 65ABH78RNZ;
				INFOPLIST_FILE = MVVMExampleTests/Info.plist;
				LD_RUNPATH_SEARCH_PATHS = (
					"$(inherited)",
					"@executable_path/Frameworks",
					"@loader_path/Frameworks",
				);
				PRODUCT_BUNDLE_IDENTIFIER = com.capg..MVVMExampleTests;
				PRODUCT_NAME = "$(TARGET_NAME)";
				SWIFT_VERSION = 4.2;
				TARGETED_DEVICE_FAMILY = "1,2";
				TEST_HOST = "$(BUILT_PRODUCTS_DIR)/MVVMExample.app/MVVMExample";
			};
			name = Debug;
		};
		945C582121A6CC390046D41C /* Release */ = {
			isa = XCBuildConfiguration;
			buildSettings = {
				ALWAYS_EMBED_SWIFT_STANDARD_LIBRARIES = YES;
				BUNDLE_LOADER = "$(TEST_HOST)";
				CODE_SIGN_STYLE = Automatic;
				DEVELOPMENT_TEAM = 65ABH78RNZ;
				INFOPLIST_FILE = MVVMExampleTests/Info.plist;
				LD_RUNPATH_SEARCH_PATHS = (
					"$(inherited)",
					"@executable_path/Frameworks",
					"@loader_path/Frameworks",
				);
				PRODUCT_BUNDLE_IDENTIFIER = com.capg..MVVMExampleTests;
				PRODUCT_NAME = "$(TARGET_NAME)";
				SWIFT_VERSION = 4.2;
				TARGETED_DEVICE_FAMILY = "1,2";
				TEST_HOST = "$(BUILT_PRODUCTS_DIR)/MVVMExample.app/MVVMExample";
			};
			name = Release;
		};
		945C582321A6CC390046D41C /* Debug */ = {
			isa = XCBuildConfiguration;
			buildSettings = {
				ALWAYS_EMBED_SWIFT_STANDARD_LIBRARIES = YES;
				CODE_SIGN_STYLE = Automatic;
				DEVELOPMENT_TEAM = 65ABH78RNZ;
				INFOPLIST_FILE = MVVMExampleUITests/Info.plist;
				LD_RUNPATH_SEARCH_PATHS = (
					"$(inherited)",
					"@executable_path/Frameworks",
					"@loader_path/Frameworks",
				);
				PRODUCT_BUNDLE_IDENTIFIER = com.capg..MVVMExampleUITests;
				PRODUCT_NAME = "$(TARGET_NAME)";
				SWIFT_VERSION = 4.2;
				TARGETED_DEVICE_FAMILY = "1,2";
				TEST_TARGET_NAME = MVVMExample;
			};
			name = Debug;
		};
		945C582421A6CC390046D41C /* Release */ = {
			isa = XCBuildConfiguration;
			buildSettings = {
				ALWAYS_EMBED_SWIFT_STANDARD_LIBRARIES = YES;
				CODE_SIGN_STYLE = Automatic;
				DEVELOPMENT_TEAM = 65ABH78RNZ;
				INFOPLIST_FILE = MVVMExampleUITests/Info.plist;
				LD_RUNPATH_SEARCH_PATHS = (
					"$(inherited)",
					"@executable_path/Frameworks",
					"@loader_path/Frameworks",
				);
				PRODUCT_BUNDLE_IDENTIFIER = com.capg..MVVMExampleUITests;
				PRODUCT_NAME = "$(TARGET_NAME)";
				SWIFT_VERSION = 4.2;
				TARGETED_DEVICE_FAMILY = "1,2";
				TEST_TARGET_NAME = MVVMExample;
			};
			name = Release;
		};
/* End XCBuildConfiguration section */

/* Begin XCConfigurationList section */
		945C57EC21A6CC2E0046D41C /* Build configuration list for PBXProject "MVVMExample" */ = {
			isa = XCConfigurationList;
			buildConfigurations = (
				945C581A21A6CC390046D41C /* Debug */,
				945C581B21A6CC390046D41C /* Release */,
			);
			defaultConfigurationIsVisible = 0;
			defaultConfigurationName = Release;
		};
		945C581C21A6CC390046D41C /* Build configuration list for PBXNativeTarget "MVVMExample" */ = {
			isa = XCConfigurationList;
			buildConfigurations = (
				945C581D21A6CC390046D41C /* Debug */,
				945C581E21A6CC390046D41C /* Release */,
			);
			defaultConfigurationIsVisible = 0;
			defaultConfigurationName = Release;
		};
		945C581F21A6CC390046D41C /* Build configuration list for PBXNativeTarget "MVVMExampleTests" */ = {
			isa = XCConfigurationList;
			buildConfigurations = (
				945C582021A6CC390046D41C /* Debug */,
				945C582121A6CC390046D41C /* Release */,
			);
			defaultConfigurationIsVisible = 0;
			defaultConfigurationName = Release;
		};
		945C582221A6CC390046D41C /* Build configuration list for PBXNativeTarget "MVVMExampleUITests" */ = {
			isa = XCConfigurationList;
			buildConfigurations = (
				945C582321A6CC390046D41C /* Debug */,
				945C582421A6CC390046D41C /* Release */,
			);
			defaultConfigurationIsVisible = 0;
			defaultConfigurationName = Release;
		};
/* End XCConfigurationList section */

/* Begin XCVersionGroup section */
		945C57FB21A6CC2E0046D41C /* MVVMExample.xcdatamodeld */ = {
			isa = XCVersionGroup;
			children = (
				945C57FC21A6CC2E0046D41C /* MVVMExample.xcdatamodel */,
			);
			currentVersion = 945C57FC21A6CC2E0046D41C /* MVVMExample.xcdatamodel */;
			path = MVVMExample.xcdatamodeld;
			sourceTree = "<group>";
			versionGroupType = wrapper.xcdatamodel;
		};
/* End XCVersionGroup section */
	};
	rootObject = 945C57E921A6CC2E0046D41C /* Project object */;
}
